
Microsoft Visual Studio Solution File, Format Version 12.00
# Visual Studio Version 17
VisualStudioVersion = 17.7.34221.43
MinimumVisualStudioVersion = 10.0.40219.1
Project("{FAE04EC0-301F-11D3-BF4B-00C04F79EFBC}") = "HW4", "HW4\HW4.csproj", "{7CAF729F-4E4F-4B03-B565-DE7C5A9E1021}"
EndProject
Global
	GlobalSection(SolutionConfigurationPlatforms) = preSolution
		Debug|Any CPU = Debug|Any CPU
		Release|Any CPU = Release|Any CPU
	EndGlobalSection
	GlobalSection(ProjectConfigurationPlatforms) = postSolution
		{7CAF729F-4E4F-4B03-B565-DE7C5A9E1021}.Debug|Any CPU.ActiveCfg = Debug|Any CPU
		{7CAF729F-4E4F-4B03-B565-DE7C5A9E1021}.Debug|Any CPU.Build.0 = Debug|Any CPU
		{7CAF729F-4E4F-4B03-B565-DE7C5A9E1021}.Release|Any CPU.ActiveCfg = Release|Any CPU
		{7CAF729F-4E4F-4B03-B565-DE7C5A9E1021}.Release|Any CPU.Build.0 = Release|Any CPU
	EndGlobalSection
	GlobalSection(SolutionProperties) = preSolution
		HideSolutionNode = FALSE
	EndGlobalSection
	GlobalSection(ExtensibilityGlobals) = postSolution
		SolutionGuid = {6BCF5754-AAD8-4551-8CCF-4BB8067F39C3}
	EndGlobalSection
EndGlobal
